
Microsoft Visual Studio Solution File, Format Version 12.00
# Visual Studio Version 16
VisualStudioVersion = 16.0.34601.136
MinimumVisualStudioVersion = 10.0.40219.1
Project("{FAE04EC0-301F-11D3-BF4B-00C04F79EFBC}") = "LibFTD2XXNet", "LibFTD2XXNet.csproj", "{6BF36B7D-DE20-405D-A741-E9A70AF8A610}"
EndProject
Project("{FAE04EC0-301F-11D3-BF4B-00C04F79EFBC}") = "FTDI_Test", "FTDI_Test\FTDI_Test.csproj", "{B2F6ACA8-7DBC-4482-BD47-4EE50FCCD73E}"
	ProjectSection(ProjectDependencies) = postProject
		{6BF36B7D-DE20-405D-A741-E9A70AF8A610} = {6BF36B7D-DE20-405D-A741-E9A70AF8A610}
	EndProjectSection
EndProject
Global
	GlobalSection(SolutionConfigurationPlatforms) = preSolution
		Debug|Any CPU = Debug|Any CPU
		Release|Any CPU = Release|Any CPU
	EndGlobalSection
	GlobalSection(ProjectConfigurationPlatforms) = postSolution
		{6BF36B7D-DE20-405D-A741-E9A70AF8A610}.Debug|Any CPU.ActiveCfg = Debug|Any CPU
		{6BF36B7D-DE20-405D-A741-E9A70AF8A610}.Debug|Any CPU.Build.0 = Debug|Any CPU
		{6BF36B7D-DE20-405D-A741-E9A70AF8A610}.Release|Any CPU.ActiveCfg = Release|Any CPU
		{6BF36B7D-DE20-405D-A741-E9A70AF8A610}.Release|Any CPU.Build.0 = Release|Any CPU
		{B2F6ACA8-7DBC-4482-BD47-4EE50FCCD73E}.Debug|Any CPU.ActiveCfg = Debug|Any CPU
		{B2F6ACA8-7DBC-4482-BD47-4EE50FCCD73E}.Debug|Any CPU.Build.0 = Debug|Any CPU
		{B2F6ACA8-7DBC-4482-BD47-4EE50FCCD73E}.Release|Any CPU.ActiveCfg = Release|Any CPU
		{B2F6ACA8-7DBC-4482-BD47-4EE50FCCD73E}.Release|Any CPU.Build.0 = Release|Any CPU
	EndGlobalSection
	GlobalSection(SolutionProperties) = preSolution
		HideSolutionNode = FALSE
	EndGlobalSection
	GlobalSection(ExtensibilityGlobals) = postSolution
		SolutionGuid = {A74B8A13-6C8F-4ED9-9515-18394A260ABD}
	EndGlobalSection
EndGlobal
